{
  "version": 4,
  "terraform_version": "1.3.9",
  "serial": 16,
  "lineage": "69bb30e7-6d66-67c7-2b71-62a1958b1388",
  "outputs": {
    "paswd": {
      "value": "6K}U:w\u0026U6uGLgB",
      "type": "string",
      "sensitive": true
    },
    "uuid": {
      "value": "7c12210f-01d2-5b6a-ef7c-18f0006df642",
      "type": "string"
    }
  },
  "resources": [
    {
      "mode": "managed",
      "type": "random_password",
      "name": "password",
      "provider": "provider[\"registry.terraform.io/hashicorp/random\"]",
      "instances": [
        {
          "schema_version": 3,
          "attributes": {
            "bcrypt_hash": "$2a$10$jK6INyUWJ2NfvddvK9xmau3nPXO4i6DvnV9JxwTR1mNacCLeg0PSi",
            "id": "none",
            "keepers": null,
            "length": 14,
            "lower": true,
            "min_lower": 0,
            "min_numeric": 0,
            "min_special": 0,
            "min_upper": 0,
            "number": true,
            "numeric": true,
            "override_special": null,
            "result": "6K}U:w\u0026U6uGLgB",
            "special": true,
            "upper": true
          },
          "sensitive_attributes": []
        }
      ]
    },
    {
      "mode": "managed",
      "type": "random_uuid",
      "name": "UUID",
      "provider": "provider[\"registry.terraform.io/hashicorp/random\"]",
      "instances": [
        {
          "schema_version": 0,
          "attributes": {
            "id": "7c12210f-01d2-5b6a-ef7c-18f0006df642",
            "keepers": {
              "datetime": "2023-04-02T10:21:59Z"
            },
            "result": "7c12210f-01d2-5b6a-ef7c-18f0006df642"
          },
          "sensitive_attributes": []
        }
      ]
    }
  ],
  "check_results": null
}
